
Microsoft Visual Studio Solution File, Format Version 12.00
# Visual Studio Version 17
VisualStudioVersion = 17.6.33801.468
MinimumVisualStudioVersion = 10.0.40219.1
Project("{FAE04EC0-301F-11D3-BF4B-00C04F79EFBC}") = "CPT_Project2_TripToGo", "CPT_Project2_TripToGo\CPT_Project2_TripToGo.csproj", "{30938A11-E57C-4A77-B638-586C7B457391}"
EndProject
Global
	GlobalSection(SolutionConfigurationPlatforms) = preSolution
		Debug|Any CPU = Debug|Any CPU
		Release|Any CPU = Release|Any CPU
	EndGlobalSection
	GlobalSection(ProjectConfigurationPlatforms) = postSolution
		{30938A11-E57C-4A77-B638-586C7B457391}.Debug|Any CPU.ActiveCfg = Debug|Any CPU
		{30938A11-E57C-4A77-B638-586C7B457391}.Debug|Any CPU.Build.0 = Debug|Any CPU
		{30938A11-E57C-4A77-B638-586C7B457391}.Release|Any CPU.ActiveCfg = Release|Any CPU
		{30938A11-E57C-4A77-B638-586C7B457391}.Release|Any CPU.Build.0 = Release|Any CPU
	EndGlobalSection
	GlobalSection(SolutionProperties) = preSolution
		HideSolutionNode = FALSE
	EndGlobalSection
	GlobalSection(ExtensibilityGlobals) = postSolution
		SolutionGuid = {081D345A-C285-4079-A14A-9E938E8A83B6}
	EndGlobalSection
EndGlobal
